{
  "name": "svelte-app",
  "version": "1.0.0",
  "lockfileVersion": 1,
  "requires": true,
  "dependencies": {
    "@babel/code-frame": {
      "version": "7.10.4",
      "resolved": "http://npm.smm.cn/@babel%2fcode-frame/-/code-frame-7.10.4.tgz",
      "integrity": "sha512-vG6SvB6oYEhvgisZNFRmRCUkLz11c7rp+tbNTynGqc6mS1d5ATd/sGyV6W0KZZnXRKMTzZDRgQT3Ou9jhpAfUg==",
      "dev": true,
      "requires": {
        "@babel/highlight": "^7.10.4"
      }
    },
    "@babel/helper-validator-identifier": {
      "version": "7.10.4",
      "resolved": "http://npm.smm.cn/@babel%2fhelper-validator-identifier/-/helper-validator-identifier-7.10.4.tgz",
      "integrity": "sha512-3U9y+43hz7ZM+rzG24Qe2mufW5KhvFg/NhnNph+i9mgCtdTCtMJuI1TMkrIUiK7Ix4PYlRF9I5dhqaLYA/ADXw==",
      "dev": true
    },
    "@babel/highlight": {
      "version": "7.10.4",
      "resolved": "http://npm.smm.cn/@babel%2fhighlight/-/highlight-7.10.4.tgz",
      "integrity": "sha512-i6rgnR/YgPEQzZZnbTHHuZdlE8qyoBNalD6F+q4vAFlcMEcqmkoG+mPqJYJCo63qPf74+Y1UZsl3l6f7/RIkmA==",
      "dev": true,
      "requires": {
        "@babel/helper-validator-identifier": "^7.10.4",
        "chalk": "^2.0.0",
        "js-tokens": "^4.0.0"
      },
      "dependencies": {
        "ansi-styles": {
          "version": "3.2.1",
          "resolved": "http://npm.smm.cn/ansi-styles/-/ansi-styles-3.2.1.tgz",
          "integrity": "sha1-QfuyAkPlCxK+DwS43tvwdSDOhB0=",
          "dev": true,
          "requires": {
            "color-convert": "^1.9.0"
          }
        },
        "chalk": {
          "version": "2.4.2",
          "resolved": "http://npm.smm.cn/chalk/-/chalk-2.4.2.tgz",
          "integrity": "sha1-zUJUFnelQzPPVBpJEIwUMrRMlCQ=",
          "dev": true,
          "requires": {
            "ansi-styles": "^3.2.1",
            "escape-string-regexp": "^1.0.5",
            "supports-color": "^5.3.0"
          }
        },
        "color-convert": {
          "version": "1.9.3",
          "resolved": "http://npm.smm.cn/color-convert/-/color-convert-1.9.3.tgz",
          "integrity": "sha1-u3GFBpDh8TZWfeYp0tVHHe2kweg=",
          "dev": true,
          "requires": {
            "color-name": "1.1.3"
          }
        },
        "color-name": {
          "version": "1.1.3",
          "resolved": "http://npm.smm.cn/color-name/-/color-name-1.1.3.tgz",
          "integrity": "sha1-p9BVi9icQveV3UIyj3QIMcpTvCU=",
          "dev": true
        },
        "has-flag": {
          "version": "3.0.0",
          "resolved": "http://npm.smm.cn/has-flag/-/has-flag-3.0.0.tgz",
          "integrity": "sha1-tdRU3CGZriJWmfNGfloH87lVuv0=",
          "dev": true
        },
        "supports-color": {
          "version": "5.5.0",
          "resolved": "http://npm.smm.cn/supports-color/-/supports-color-5.5.0.tgz",
          "integrity": "sha1-4uaaRKyHcveKHsCzW2id9lMO/I8=",
          "dev": true,
          "requires": {
            "has-flag": "^3.0.0"
          }
        }
      }
    },
    "@emmetio/extract-abbreviation": {
      "version": "0.1.6",
      "resolved": "http://npm.smm.cn/@emmetio%2fextract-abbreviation/-/extract-abbreviation-0.1.6.tgz",
      "integrity": "sha512-Ce3xE2JvTSEbASFbRbA1gAIcMcZWdS2yUYRaQbeM0nbOzaZrUYfa3ePtcriYRZOZmr+CkKA+zbjhvTpIOAYVcw==",
      "dev": true
    },
    "@polka/url": {
      "version": "1.0.0-next.11",
      "resolved": "http://npm.smm.cn/@polka%2furl/-/url-1.0.0-next.11.tgz",
      "integrity": "sha512-3NsZsJIA/22P3QUyrEDNA2D133H4j224twJrdipXN38dpnIOzAbUDtOwkcJ5pXmn75w7LSQDjA4tO9dm1XlqlA=="
    },
    "@rollup/plugin-commonjs": {
      "version": "14.0.0",
      "dev": true,
      "requires": {
        "@rollup/pluginutils": "^3.0.8",
        "commondir": "^1.0.1",
        "estree-walker": "^1.0.1",
        "glob": "^7.1.2",
        "is-reference": "^1.1.2",
        "magic-string": "^0.25.2",
        "resolve": "^1.11.0"
      }
    },
    "@rollup/plugin-node-resolve": {
      "version": "8.4.0",
      "dev": true,
      "requires": {
        "@rollup/pluginutils": "^3.1.0",
        "@types/resolve": "1.17.1",
        "builtin-modules": "^3.1.0",
        "deep-freeze": "^0.0.1",
        "deepmerge": "^4.2.2",
        "is-module": "^1.0.0",
        "resolve": "^1.17.0"
      }
    },
    "@rollup/plugin-typescript": {
      "version": "6.0.0",
      "dev": true,
      "requires": {
        "@rollup/pluginutils": "^3.1.0",
        "resolve": "^1.17.0"
      }
    },
    "@rollup/pluginutils": {
      "version": "3.1.0",
      "resolved": "http://npm.smm.cn/@rollup%2fpluginutils/-/pluginutils-3.1.0.tgz",
      "integrity": "sha512-GksZ6pr6TpIjHm8h9lSQ8pi8BE9VeubNT0OMJ3B5uZJ8pz73NPiqOtCog/x2/QzM1ENChPKxMDhiQuRHsqc+lg==",
      "dev": true,
      "requires": {
        "@types/estree": "0.0.39",
        "estree-walker": "^1.0.1",
        "picomatch": "^2.2.2"
      }
    },
    "@tsconfig/svelte": {
      "version": "1.0.10",
      "dev": true
    },
    "@types/estree": {
      "version": "0.0.39",
      "resolved": "http://npm.smm.cn/@types%2festree/-/estree-0.0.39.tgz",
      "integrity": "sha1-4Xfmme4bjCLSMXTKqnQiZEOJUJ8=",
      "dev": true
    },
    "@types/node": {
      "version": "14.11.1",
      "resolved": "http://npm.smm.cn/@types%2fnode/-/node-14.11.1.tgz",
      "integrity": "sha512-oTQgnd0hblfLsJ6BvJzzSL+Inogp3lq9fGgqRkMB/ziKMgEUaFl801OncOzUmalfzt14N0oPHMK47ipl+wbTIw==",
      "dev": true
    },
    "@types/parse-json": {
      "version": "4.0.0",
      "resolved": "http://npm.smm.cn/@types%2fparse-json/-/parse-json-4.0.0.tgz",
      "integrity": "sha1-L4u0QUNNFjs1+4/9zNcTiSf/uMA=",
      "dev": true
    },
    "@types/pug": {
      "version": "2.0.4",
      "resolved": "http://npm.smm.cn/@types%2fpug/-/pug-2.0.4.tgz",
      "integrity": "sha1-h3L80EGOPNLMFxVV1zAHQVBR9LI=",
      "dev": true
    },
    "@types/resolve": {
      "version": "1.17.1",
      "resolved": "http://npm.smm.cn/@types%2fresolve/-/resolve-1.17.1.tgz",
      "integrity": "sha512-yy7HuzQhj0dhGpD8RLXSZWEkLsV9ibvxvi6EiJ3bkqLAO1RGo0WbkWQiwpRlSFymTJRz0d3k5LM3kkx8ArDbLw==",
      "dev": true,
      "requires": {
        "@types/node": "*"
      }
    },
    "@types/sass": {
      "version": "1.16.0",
      "resolved": "http://npm.smm.cn/@types%2fsass/-/sass-1.16.0.tgz",
      "integrity": "sha1-tBrBwX+mj/tX1D4jYEhu9Saz1X0=",
      "dev": true,
      "requires": {
        "@types/node": "*"
      }
    },
    "ansi-styles": {
      "version": "4.3.0",
      "resolved": "http://npm.smm.cn/ansi-styles/-/ansi-styles-4.3.0.tgz",
      "integrity": "sha512-zbB9rCJAT1rbjiVDb2hqKFHNYLxgtk8NURxZ3IZwD3F6NtxbXZQCnnSi1Lkx+IDohdPlFp222wVALIheZJQSEg==",
      "dev": true,
      "requires": {
        "color-convert": "^2.0.1"
      }
    },
    "anymatch": {
      "version": "3.1.1",
      "resolved": "http://npm.smm.cn/anymatch/-/anymatch-3.1.1.tgz",
      "integrity": "sha1-xV7PAhheJGklk5kxDBc84xIzsUI=",
      "dev": true,
      "requires": {
        "normalize-path": "^3.0.0",
        "picomatch": "^2.0.4"
      }
    },
    "async-limiter": {
      "version": "1.0.1",
      "resolved": "http://npm.smm.cn/async-limiter/-/async-limiter-1.0.1.tgz",
      "integrity": "sha1-3TeelPDbgxCwgpH51kwyCXZmF/0=",
      "dev": true
    },
    "balanced-match": {
      "version": "1.0.0",
      "resolved": "http://npm.smm.cn/balanced-match/-/balanced-match-1.0.0.tgz",
      "integrity": "sha1-ibTRmasr7kneFk6gK4nORi1xt2c=",
      "dev": true
    },
    "binary-extensions": {
      "version": "2.1.0",
      "resolved": "http://npm.smm.cn/binary-extensions/-/binary-extensions-2.1.0.tgz",
      "integrity": "sha512-1Yj8h9Q+QDF5FzhMs/c9+6UntbD5MkRfRwac8DoEm9ZfUBZ7tZ55YcGVAzEe4bXsdQHEk+s9S5wsOKVdZrw0tQ==",
      "dev": true
    },
    "brace-expansion": {
      "version": "1.1.11",
      "resolved": "http://npm.smm.cn/brace-expansion/-/brace-expansion-1.1.11.tgz",
      "integrity": "sha1-PH/L9SnYcibz0vUrlm/1Jx60Qd0=",
      "dev": true,
      "requires": {
        "balanced-match": "^1.0.0",
        "concat-map": "0.0.1"
      }
    },
    "braces": {
      "version": "3.0.2",
      "resolved": "http://npm.smm.cn/braces/-/braces-3.0.2.tgz",
      "integrity": "sha1-NFThpGLujVmeI23zNs2epPiv4Qc=",
      "dev": true,
      "requires": {
        "fill-range": "^7.0.1"
      }
    },
    "buffer-from": {
      "version": "1.1.1",
      "resolved": "http://npm.smm.cn/buffer-from/-/buffer-from-1.1.1.tgz",
      "integrity": "sha1-MnE7wCj3XAL9txDXx7zsHyxgcO8=",
      "dev": true
    },
    "builtin-modules": {
      "version": "3.1.0",
      "resolved": "http://npm.smm.cn/builtin-modules/-/builtin-modules-3.1.0.tgz",
      "integrity": "sha1-qtl8FRMet2tltQ7yCOdYTNdqdIQ=",
      "dev": true
    },
    "callsites": {
      "version": "3.1.0",
      "resolved": "http://npm.smm.cn/callsites/-/callsites-3.1.0.tgz",
      "integrity": "sha1-s2MKvYlDQy9Us/BRkjjjPNffL3M=",
      "dev": true
    },
    "chalk": {
      "version": "4.1.0",
      "resolved": "http://npm.smm.cn/chalk/-/chalk-4.1.0.tgz",
      "integrity": "sha512-qwx12AxXe2Q5xQ43Ac//I6v5aXTipYrSESdOgzrN+9XjgEpyjpKuvSGaN4qE93f7TQTlerQQ8S+EQ0EyDoVL1A==",
      "dev": true,
      "requires": {
        "ansi-styles": "^4.1.0",
        "supports-color": "^7.1.0"
      }
    },
    "chokidar": {
      "version": "3.4.3",
      "resolved": "http://npm.smm.cn/chokidar/-/chokidar-3.4.3.tgz",
      "integrity": "sha512-DtM3g7juCXQxFVSNPNByEC2+NImtBuxQQvWlHunpJIS5Ocr0lG306cC7FCi7cEA0fzmybPUIl4txBIobk1gGOQ==",
      "dev": true,
      "requires": {
        "anymatch": "~3.1.1",
        "braces": "~3.0.2",
        "fsevents": "~2.1.2",
        "glob-parent": "~5.1.0",
        "is-binary-path": "~2.1.0",
        "is-glob": "~4.0.1",
        "normalize-path": "~3.0.0",
        "readdirp": "~3.5.0"
      }
    },
    "color-convert": {
      "version": "2.0.1",
      "resolved": "http://npm.smm.cn/color-convert/-/color-convert-2.0.1.tgz",
      "integrity": "sha1-ctOmjVmMm9s68q0ehPIdiWq9TeM=",
      "dev": true,
      "requires": {
        "color-name": "~1.1.4"
      }
    },
    "color-name": {
      "version": "1.1.4",
      "resolved": "http://npm.smm.cn/color-name/-/color-name-1.1.4.tgz",
      "integrity": "sha1-wqCah6y95pVD3m9j+jmVyCbFNqI=",
      "dev": true
    },
    "commander": {
      "version": "2.20.3",
      "resolved": "http://npm.smm.cn/commander/-/commander-2.20.3.tgz",
      "integrity": "sha1-/UhehMA+tIgcIHIrpIA16FMa6zM=",
      "dev": true
    },
    "commondir": {
      "version": "1.0.1",
      "resolved": "http://npm.smm.cn/commondir/-/commondir-1.0.1.tgz",
      "integrity": "sha1-3dgA2gxmEnOTzKWVDqloo6rxJTs=",
      "dev": true
    },
    "concat-map": {
      "version": "0.0.1",
      "resolved": "http://npm.smm.cn/concat-map/-/concat-map-0.0.1.tgz",
      "integrity": "sha1-2Klr13/Wjfd5OnMDajug1UBdR3s=",
      "dev": true
    },
    "console-clear": {
      "version": "1.1.1",
      "resolved": "http://npm.smm.cn/console-clear/-/console-clear-1.1.1.tgz",
      "integrity": "sha512-pMD+MVR538ipqkG5JXeOEbKWS5um1H4LUUccUQG68qpeqBYbzYy79Gh55jkd2TtPdRfUaLWdv6LPP//5Zt0aPQ=="
    },
    "cosmiconfig": {
      "version": "6.0.0",
      "resolved": "http://npm.smm.cn/cosmiconfig/-/cosmiconfig-6.0.0.tgz",
      "integrity": "sha1-2k/uhTxS9rHmk19BwaL8UL1KmYI=",
      "dev": true,
      "requires": {
        "@types/parse-json": "^4.0.0",
        "import-fresh": "^3.1.0",
        "parse-json": "^5.0.0",
        "path-type": "^4.0.0",
        "yaml": "^1.7.2"
      }
    },
    "dedent-js": {
      "version": "1.0.1",
      "resolved": "http://npm.smm.cn/dedent-js/-/dedent-js-1.0.1.tgz",
      "integrity": "sha1-vuX7fJ5yfYXf+iRZDRDsGrElUwU=",
      "dev": true
    },
    "deep-freeze": {
      "version": "0.0.1",
      "resolved": "http://npm.smm.cn/deep-freeze/-/deep-freeze-0.0.1.tgz",
      "integrity": "sha1-OgsABd4YZygZ39OM0x+RF5yJPoQ=",
      "dev": true
    },
    "deepmerge": {
      "version": "4.2.2",
      "resolved": "http://npm.smm.cn/deepmerge/-/deepmerge-4.2.2.tgz",
      "integrity": "sha1-RNLqNnm49NT/ujPwPYZfwee/SVU=",
      "dev": true
    },
    "detect-indent": {
      "version": "6.0.0",
      "resolved": "http://npm.smm.cn/detect-indent/-/detect-indent-6.0.0.tgz",
      "integrity": "sha1-Cr0PVJ9p/GZZolT+lnhhhrb1KP0=",
      "dev": true
    },
    "error-ex": {
      "version": "1.3.2",
      "resolved": "http://npm.smm.cn/error-ex/-/error-ex-1.3.2.tgz",
      "integrity": "sha1-tKxAZIEH/c3PriQvQovqihTU8b8=",
      "dev": true,
      "requires": {
        "is-arrayish": "^0.2.1"
      }
    },
    "escape-string-regexp": {
      "version": "1.0.5",
      "resolved": "http://npm.smm.cn/escape-string-regexp/-/escape-string-regexp-1.0.5.tgz",
      "integrity": "sha1-G2HAViGQqN/2rjuyzwIAyhMLhtQ=",
      "dev": true
    },
    "estree-walker": {
      "version": "1.0.1",
      "resolved": "http://npm.smm.cn/estree-walker/-/estree-walker-1.0.1.tgz",
      "integrity": "sha1-MbxdYSyWtwQQa0d+bdXYqhOMtwA=",
      "dev": true
    },
    "fancy-canvas": {
      "version": "0.2.2",
      "resolved": "http://npm.smm.cn/fancy-canvas/-/fancy-canvas-0.2.2.tgz",
      "integrity": "sha512-50qi8xA0QkHbjmb8h7XQ6k2fvD7y/yMfiUw9YTarJ7rWrq6o5/3CCXPouYk+XSLASvvxtjyiQLRBFt3qkE3oyA=="
    },
    "fill-range": {
      "version": "7.0.1",
      "resolved": "http://npm.smm.cn/fill-range/-/fill-range-7.0.1.tgz",
      "integrity": "sha1-GRmmp8df44ssfHflGYU12prN2kA=",
      "dev": true,
      "requires": {
        "to-regex-range": "^5.0.1"
      }
    },
    "fs.realpath": {
      "version": "1.0.0",
      "resolved": "http://npm.smm.cn/fs.realpath/-/fs.realpath-1.0.0.tgz",
      "integrity": "sha1-FQStJSMVjKpA20onh8sBQRmU6k8=",
      "dev": true
    },
    "fsevents": {
      "version": "2.1.3",
      "resolved": "http://npm.smm.cn/fsevents/-/fsevents-2.1.3.tgz",
      "integrity": "sha512-Auw9a4AxqWpa9GUfj370BMPzzyncfBABW8Mab7BGWBYDj4Isgq+cDKtx0i6u9jcX9pQDnswsaaOTgTmA5pEjuQ==",
      "dev": true,
      "optional": true
    },
    "get-port": {
      "version": "3.2.0",
      "resolved": "http://npm.smm.cn/get-port/-/get-port-3.2.0.tgz",
      "integrity": "sha1-3Xzn3hh8Bsi/NTeWrHHgmfCYDrw="
    },
    "glob": {
      "version": "7.1.6",
      "resolved": "http://npm.smm.cn/glob/-/glob-7.1.6.tgz",
      "integrity": "sha1-FB8zuBp8JJLhJVlDB0gMRmeSeKY=",
      "dev": true,
      "requires": {
        "fs.realpath": "^1.0.0",
        "inflight": "^1.0.4",
        "inherits": "2",
        "minimatch": "^3.0.4",
        "once": "^1.3.0",
        "path-is-absolute": "^1.0.0"
      }
    },
    "glob-parent": {
      "version": "5.1.1",
      "resolved": "http://npm.smm.cn/glob-parent/-/glob-parent-5.1.1.tgz",
      "integrity": "sha512-FnI+VGOpnlGHWZxthPGR+QhR78fuiK0sNLkHQv+bL9fQi57lNNdquIbna/WrfROrolq8GK5Ek6BiMwqL/voRYQ==",
      "dev": true,
      "requires": {
        "is-glob": "^4.0.1"
      }
    },
    "has-flag": {
      "version": "4.0.0",
      "resolved": "http://npm.smm.cn/has-flag/-/has-flag-4.0.0.tgz",
      "integrity": "sha1-lEdx/ZyByBJlxNaUGGDaBrtZR5s=",
      "dev": true
    },
    "hey-listen": {
      "version": "1.0.8",
      "resolved": "http://npm.smm.cn/hey-listen/-/hey-listen-1.0.8.tgz",
      "integrity": "sha512-COpmrF2NOg4TBWUJ5UVyaCU2A88wEMkUPK4hNqyCkqHbxT92BbvfjoSozkAIIm6XhicGlJHhFdullInrdhwU8Q=="
    },
    "import-fresh": {
      "version": "3.2.1",
      "resolved": "http://npm.smm.cn/import-fresh/-/import-fresh-3.2.1.tgz",
      "integrity": "sha1-Yz/2GFBueTr1rJG/SLcmd+FcvmY=",
      "dev": true,
      "requires": {
        "parent-module": "^1.0.0",
        "resolve-from": "^4.0.0"
      }
    },
    "inflight": {
      "version": "1.0.6",
      "resolved": "http://npm.smm.cn/inflight/-/inflight-1.0.6.tgz",
      "integrity": "sha1-Sb1jMdfQLQwJvJEKEHW6gWW1bfk=",
      "dev": true,
      "requires": {
        "once": "^1.3.0",
        "wrappy": "1"
      }
    },
    "inherits": {
      "version": "2.0.4",
      "resolved": "http://npm.smm.cn/inherits/-/inherits-2.0.4.tgz",
      "integrity": "sha1-D6LGT5MpF8NDOg3tVTY6rjdBa3w=",
      "dev": true
    },
    "is-arrayish": {
      "version": "0.2.1",
      "resolved": "http://npm.smm.cn/is-arrayish/-/is-arrayish-0.2.1.tgz",
      "integrity": "sha1-d8mYQFJ6qOyxqLppe4BkWnqSap0=",
      "dev": true
    },
    "is-binary-path": {
      "version": "2.1.0",
      "resolved": "http://npm.smm.cn/is-binary-path/-/is-binary-path-2.1.0.tgz",
      "integrity": "sha1-6h9/O4DwZCNug0cPhsCcJU+0Wwk=",
      "dev": true,
      "requires": {
        "binary-extensions": "^2.0.0"
      }
    },
    "is-extglob": {
      "version": "2.1.1",
      "resolved": "http://npm.smm.cn/is-extglob/-/is-extglob-2.1.1.tgz",
      "integrity": "sha1-qIwCU1eR8C7TfHahueqXc8gz+MI=",
      "dev": true
    },
    "is-glob": {
      "version": "4.0.1",
      "resolved": "http://npm.smm.cn/is-glob/-/is-glob-4.0.1.tgz",
      "integrity": "sha1-dWfb6fL14kZ7x3q4PEopSCQHpdw=",
      "dev": true,
      "requires": {
        "is-extglob": "^2.1.1"
      }
    },
    "is-module": {
      "version": "1.0.0",
      "resolved": "http://npm.smm.cn/is-module/-/is-module-1.0.0.tgz",
      "integrity": "sha1-Mlj7afeMFNW4FdZkM2tM/7ZEFZE=",
      "dev": true
    },
    "is-number": {
      "version": "7.0.0",
      "resolved": "http://npm.smm.cn/is-number/-/is-number-7.0.0.tgz",
      "integrity": "sha1-dTU0W4lnNNX4DE0GxQlVUnoU8Ss=",
      "dev": true
    },
    "is-reference": {
      "version": "1.2.1",
      "resolved": "http://npm.smm.cn/is-reference/-/is-reference-1.2.1.tgz",
      "integrity": "sha512-U82MsXXiFIrjCK4otLT+o2NA2Cd2g5MLoOVXUZjIOhLurrRxpEXzI8O0KZHr3IjLvlAH1kTPYSuqer5T9ZVBKQ==",
      "dev": true,
      "requires": {
        "@types/estree": "*"
      }
    },
    "jest-worker": {
      "version": "26.3.0",
      "resolved": "http://npm.smm.cn/jest-worker/-/jest-worker-26.3.0.tgz",
      "integrity": "sha512-Vmpn2F6IASefL+DVBhPzI2J9/GJUsqzomdeN+P+dK8/jKxbh8R3BtFnx3FIta7wYlPU62cpJMJQo4kuOowcMnw==",
      "dev": true,
      "requires": {
        "@types/node": "*",
        "merge-stream": "^2.0.0",
        "supports-color": "^7.0.0"
      }
    },
    "js-tokens": {
      "version": "4.0.0",
      "resolved": "http://npm.smm.cn/js-tokens/-/js-tokens-4.0.0.tgz",
      "integrity": "sha1-GSA/tZmR35jjoocFDUZHzerzJJk=",
      "dev": true
    },
    "json-parse-even-better-errors": {
      "version": "2.3.1",
      "resolved": "http://npm.smm.cn/json-parse-even-better-errors/-/json-parse-even-better-errors-2.3.1.tgz",
      "integrity": "sha512-xyFwyhro/JEof6Ghe2iz2NcXoj2sloNsWr/XsERDK/oiPCfaNhl5ONfp+jQdAZRQQ0IJWNzH9zIZF7li91kh2w==",
      "dev": true
    },
    "jsonc-parser": {
      "version": "1.0.3",
      "resolved": "http://npm.smm.cn/jsonc-parser/-/jsonc-parser-1.0.3.tgz",
      "integrity": "sha1-HVPXFg5AGng9vOq6rYJHP4DmrX4=",
      "dev": true
    },
    "kleur": {
      "version": "3.0.3",
      "resolved": "http://npm.smm.cn/kleur/-/kleur-3.0.3.tgz",
      "integrity": "sha1-p5yezIbuHOP6YgbRIWxQHxR/wH4="
    },
    "lightweight-charts": {
      "version": "3.1.5",
      "requires": {
        "fancy-canvas": "0.2.2"
      }
    },
    "lines-and-columns": {
      "version": "1.1.6",
      "resolved": "http://npm.smm.cn/lines-and-columns/-/lines-and-columns-1.1.6.tgz",
      "integrity": "sha1-HADHQ7QzzQpOgHWPe2SldEDZ/wA=",
      "dev": true
    },
    "livereload": {
      "version": "0.9.1",
      "resolved": "http://npm.smm.cn/livereload/-/livereload-0.9.1.tgz",
      "integrity": "sha512-9g7sua11kkyZNo2hLRCG3LuZZwqexoyEyecSlV8cAsfAVVCZqLzVir6XDqmH0r+Vzgnd5LrdHDMyjtFnJQLAYw==",
      "dev": true,
      "requires": {
        "chokidar": "^3.3.0",
        "livereload-js": "^3.1.0",
        "opts": ">= 1.2.0",
        "ws": "^6.2.1"
      }
    },
    "livereload-js": {
      "version": "3.3.1",
      "resolved": "http://npm.smm.cn/livereload-js/-/livereload-js-3.3.1.tgz",
      "integrity": "sha512-CBu1gTEfzVhlOK1WASKAAJ9Qx1fHECTq0SUB67sfxwQssopTyvzqTlgl+c0h9pZ6V+Fzd2rc510ppuNusg9teQ==",
      "dev": true
    },
    "local-access": {
      "version": "1.0.1",
      "resolved": "http://npm.smm.cn/local-access/-/local-access-1.0.1.tgz",
      "integrity": "sha512-ykt2pgN0aqIy6KQC1CqdWTWkmUwNgaOS6dcpHVjyBJONA+Xi7AtSB1vuxC/U/0tjIP3wcRudwQk1YYzUvzk2bA=="
    },
    "lodash": {
      "version": "4.17.20",
      "resolved": "http://npm.smm.cn/lodash/-/lodash-4.17.20.tgz",
      "integrity": "sha512-PlhdFcillOINfeV7Ni6oF1TAEayyZBoZ8bcshTHqOYJYlrqzRK5hagpagky5o4HfCzzd1TRkXPMFq6cKk9rGmA==",
      "dev": true
    },
    "lower-case": {
      "version": "2.0.1",
      "resolved": "http://npm.smm.cn/lower-case/-/lower-case-2.0.1.tgz",
      "integrity": "sha1-Oe6zbjlhFcwF4pQi6uqeaSyUCMc=",
      "dev": true,
      "requires": {
        "tslib": "^1.10.0"
      },
      "dependencies": {
        "tslib": {
          "version": "1.14.1",
          "resolved": "http://npm.smm.cn/tslib/-/tslib-1.14.1.tgz",
          "integrity": "sha512-Xni35NKzjgMrwevysHTCArtLDpPvye8zV/0E4EyYn43P7/7qvQwPh9BGkHewbMulVntbigmcT7rdX3BNo9wRJg==",
          "dev": true
        }
      }
    },
    "magic-string": {
      "version": "0.25.7",
      "resolved": "http://npm.smm.cn/magic-string/-/magic-string-0.25.7.tgz",
      "integrity": "sha512-4CrMT5DOHTDk4HYDlzmwu4FVCcIYI8gauveasrdCu2IKIFOJ3f0v/8MDGJCDL9oD2ppz/Av1b0Nj345H9M+XIA==",
      "dev": true,
      "requires": {
        "sourcemap-codec": "^1.4.4"
      }
    },
    "merge-stream": {
      "version": "2.0.0",
      "resolved": "http://npm.smm.cn/merge-stream/-/merge-stream-2.0.0.tgz",
      "integrity": "sha1-UoI2KaFN0AyXcPtq1H3GMQ8sH2A=",
      "dev": true
    },
    "mime": {
      "version": "2.4.6",
      "resolved": "http://npm.smm.cn/mime/-/mime-2.4.6.tgz",
      "integrity": "sha512-RZKhC3EmpBchfTGBVb8fb+RL2cWyw/32lshnsETttkBAyAUXSGHxbEJWWRXc751DrIxG1q04b8QwMbAwkRPpUA=="
    },
    "min-indent": {
      "version": "1.0.1",
      "resolved": "http://npm.smm.cn/min-indent/-/min-indent-1.0.1.tgz",
      "integrity": "sha512-I9jwMn07Sy/IwOj3zVkVik2JTvgpaykDZEigL6Rx6N9LbMywwUSMtxET+7lVoDLLd3O3IXwJwvuuns8UB/HeAg==",
      "dev": true
    },
    "minimatch": {
      "version": "3.0.4",
      "resolved": "http://npm.smm.cn/minimatch/-/minimatch-3.0.4.tgz",
      "integrity": "sha1-UWbihkV/AzBgZL5Ul+jbsMPTIIM=",
      "dev": true,
      "requires": {
        "brace-expansion": "^1.1.7"
      }
    },
    "minimist": {
      "version": "1.2.5",
      "resolved": "http://npm.smm.cn/minimist/-/minimist-1.2.5.tgz",
      "integrity": "sha512-FM9nNUYrRBAELZQT3xeZQ7fmMOBg6nWNmJKTcgsJeaLstP/UODVpGsr5OhXhhXg6f+qtJ8uiZ+PUxkDWcgIXLw==",
      "dev": true
    },
    "mri": {
      "version": "1.1.6",
      "resolved": "http://npm.smm.cn/mri/-/mri-1.1.6.tgz",
      "integrity": "sha512-oi1b3MfbyGa7FJMP9GmLTttni5JoICpYBRlq+x5V16fZbLsnL9N3wFqqIm/nIG43FjUFkFh9Epzp/kzUGUnJxQ=="
    },
    "no-case": {
      "version": "3.0.3",
      "resolved": "http://npm.smm.cn/no-case/-/no-case-3.0.3.tgz",
      "integrity": "sha1-whtDTB/+SLOQh+hs+00lgunfGPg=",
      "dev": true,
      "requires": {
        "lower-case": "^2.0.1",
        "tslib": "^1.10.0"
      },
      "dependencies": {
        "tslib": {
          "version": "1.14.1",
          "resolved": "http://npm.smm.cn/tslib/-/tslib-1.14.1.tgz",
          "integrity": "sha512-Xni35NKzjgMrwevysHTCArtLDpPvye8zV/0E4EyYn43P7/7qvQwPh9BGkHewbMulVntbigmcT7rdX3BNo9wRJg==",
          "dev": true
        }
      }
    },
    "normalize-path": {
      "version": "3.0.0",
      "resolved": "http://npm.smm.cn/normalize-path/-/normalize-path-3.0.0.tgz",
      "integrity": "sha1-Dc1p/yOhybEf0JeDFmRKA4ghamU=",
      "dev": true
    },
    "once": {
      "version": "1.4.0",
      "resolved": "http://npm.smm.cn/once/-/once-1.4.0.tgz",
      "integrity": "sha1-WDsap3WWHUsROsF9nFC6753Xa9E=",
      "dev": true,
      "requires": {
        "wrappy": "1"
      }
    },
    "opts": {
      "version": "2.0.2",
      "resolved": "http://npm.smm.cn/opts/-/opts-2.0.2.tgz",
      "integrity": "sha512-k41FwbcLnlgnFh69f4qdUfvDQ+5vaSDnVPFI/y5XuhKRq97EnVVneO9F1ESVCdiVu4fCS2L8usX3mU331hB7pg==",
      "dev": true
    },
    "parent-module": {
      "version": "1.0.1",
      "resolved": "http://npm.smm.cn/parent-module/-/parent-module-1.0.1.tgz",
      "integrity": "sha1-aR0nCeeMefrjoVZiJFLQB2LKqqI=",
      "dev": true,
      "requires": {
        "callsites": "^3.0.0"
      }
    },
    "parse-json": {
      "version": "5.1.0",
      "resolved": "http://npm.smm.cn/parse-json/-/parse-json-5.1.0.tgz",
      "integrity": "sha512-+mi/lmVVNKFNVyLXV31ERiy2CY5E1/F6QtJFEzoChPRwwngMNXRDQ9GJ5WdE2Z2P4AujsOi0/+2qHID68KwfIQ==",
      "dev": true,
      "requires": {
        "@babel/code-frame": "^7.0.0",
        "error-ex": "^1.3.1",
        "json-parse-even-better-errors": "^2.3.0",
        "lines-and-columns": "^1.1.6"
      }
    },
    "pascal-case": {
      "version": "3.1.1",
      "resolved": "http://npm.smm.cn/pascal-case/-/pascal-case-3.1.1.tgz",
      "integrity": "sha512-XIeHKqIrsquVTQL2crjq3NfJUxmdLasn3TYOU0VBM+UX2a6ztAWBlJQBePLGY7VHW8+2dRadeIPK5+KImwTxQA==",
      "dev": true,
      "requires": {
        "no-case": "^3.0.3",
        "tslib": "^1.10.0"
      },
      "dependencies": {
        "tslib": {
          "version": "1.14.1",
          "resolved": "http://npm.smm.cn/tslib/-/tslib-1.14.1.tgz",
          "integrity": "sha512-Xni35NKzjgMrwevysHTCArtLDpPvye8zV/0E4EyYn43P7/7qvQwPh9BGkHewbMulVntbigmcT7rdX3BNo9wRJg==",
          "dev": true
        }
      }
    },
    "path-is-absolute": {
      "version": "1.0.1",
      "resolved": "http://npm.smm.cn/path-is-absolute/-/path-is-absolute-1.0.1.tgz",
      "integrity": "sha1-F0uSaHNVNP+8es5r9TpanhtcX18=",
      "dev": true
    },
    "path-parse": {
      "version": "1.0.6",
      "resolved": "http://npm.smm.cn/path-parse/-/path-parse-1.0.6.tgz",
      "integrity": "sha1-1i27VnlAXXLEc37FhgDp3c8G0kw=",
      "dev": true
    },
    "path-type": {
      "version": "4.0.0",
      "resolved": "http://npm.smm.cn/path-type/-/path-type-4.0.0.tgz",
      "integrity": "sha1-hO0BwKe6OAr+CdkKjBgNzZ0DBDs=",
      "dev": true
    },
    "picomatch": {
      "version": "2.2.2",
      "resolved": "http://npm.smm.cn/picomatch/-/picomatch-2.2.2.tgz",
      "integrity": "sha512-q0M/9eZHzmr0AulXyPwNfZjtwZ/RBZlbN3K3CErVrk50T2ASYI7Bye0EvekFY3IP1Nt2DHu0re+V2ZHIpMkuWg==",
      "dev": true
    },
    "popmotion": {
      "version": "9.0.0",
      "requires": {
        "framesync": "^4.1.0",
        "hey-listen": "^1.0.8",
        "style-value-types": "^3.1.9",
        "tslib": "^1.10.0"
      },
      "dependencies": {
        "framesync": {
          "version": "4.1.0",
          "resolved": "http://npm.smm.cn/framesync/-/framesync-4.1.0.tgz",
          "integrity": "sha512-MmgZ4wCoeVxNbx2xp5hN/zPDCbLSKiDt4BbbslK7j/pM2lg5S0vhTNv1v8BCVb99JPIo6hXBFdwzU7Q4qcAaoQ==",
          "requires": {
            "hey-listen": "^1.0.5"
          }
        },
        "tslib": {
          "version": "1.13.0",
          "resolved": "http://npm.smm.cn/tslib/-/tslib-1.13.0.tgz",
          "integrity": "sha512-i/6DQjL8Xf3be4K/E6Wgpekn5Qasl1usyw++dAA35Ue5orEn65VIxOA+YvNNl9HV3qv70T7CNwjODHZrLwvd1Q=="
        }
      }
    },
    "prettier": {
      "version": "2.1.1",
      "resolved": "http://npm.smm.cn/prettier/-/prettier-2.1.1.tgz",
      "integrity": "sha512-9bY+5ZWCfqj3ghYBLxApy2zf6m+NJo5GzmLTpr9FsApsfjriNnS2dahWReHMi7qNPhhHl9SYHJs2cHZLgexNIw==",
      "dev": true
    },
    "prettier-plugin-svelte": {
      "version": "1.2.1",
      "resolved": "http://npm.smm.cn/prettier-plugin-svelte/-/prettier-plugin-svelte-1.2.1.tgz",
      "integrity": "sha512-oULQ6cmqAVA3PmtgagM3139UXJHbLOLQjzGOKkH/pRQbT9vXcWQtbWXEO1fAePWQis5TiDgm2p/PIKh5w1fd/A==",
      "dev": true
    },
    "randombytes": {
      "version": "2.1.0",
      "resolved": "http://npm.smm.cn/randombytes/-/randombytes-2.1.0.tgz",
      "integrity": "sha1-32+ENy8CcNxlzfYpE0mrekc9Tyo=",
      "dev": true,
      "requires": {
        "safe-buffer": "^5.1.0"
      }
    },
    "readdirp": {
      "version": "3.5.0",
      "resolved": "http://npm.smm.cn/readdirp/-/readdirp-3.5.0.tgz",
      "integrity": "sha512-cMhu7c/8rdhkHXWsY+osBhfSy0JikwpHK/5+imo+LpeasTF8ouErHrlYkwT0++njiyuDvc7OFY5T3ukvZ8qmFQ==",
      "dev": true,
      "requires": {
        "picomatch": "^2.2.1"
      }
    },
    "require-relative": {
      "version": "0.8.7",
      "resolved": "http://npm.smm.cn/require-relative/-/require-relative-0.8.7.tgz",
      "integrity": "sha1-eZlTn8ngR6N5KPoZb44VY9q9Nt4=",
      "dev": true
    },
    "resolve": {
      "version": "1.17.0",
      "resolved": "http://npm.smm.cn/resolve/-/resolve-1.17.0.tgz",
      "integrity": "sha512-ic+7JYiV8Vi2yzQGFWOkiZD5Z9z7O2Zhm9XMaTxdJExKasieFCr+yXZ/WmXsckHiKl12ar0y6XiXDx3m4RHn1w==",
      "dev": true,
      "requires": {
        "path-parse": "^1.0.6"
      }
    },
    "resolve-from": {
      "version": "4.0.0",
      "resolved": "http://npm.smm.cn/resolve-from/-/resolve-from-4.0.0.tgz",
      "integrity": "sha1-SrzYUq0y3Xuqv+m0DgCjbbXzkuY=",
      "dev": true
    },
    "rollup": {
      "version": "2.27.1",
      "dev": true,
      "requires": {
        "fsevents": "~2.1.2"
      }
    },
    "rollup-plugin-inject-process-env": {
      "version": "1.3.0",
      "resolved": "http://npm.smm.cn/rollup-plugin-inject-process-env/-/rollup-plugin-inject-process-env-1.3.0.tgz",
      "integrity": "sha512-LYuOvcnLZErqK1WaDGMT5ECn1JPvOgeURfQGR9tRRyMb/sqmt5G7jT2/KSChRkyEDNKsn24J4FBxubB8bbs2Fg==",
      "dev": true,
      "requires": {
        "magic-string": "^0.25.7"
      }
    },
    "rollup-plugin-livereload": {
      "version": "2.0.0",
      "dev": true,
      "requires": {
        "livereload": "^0.9.1"
      }
    },
    "rollup-plugin-svelte": {
      "version": "6.0.1",
      "dev": true,
      "requires": {
        "require-relative": "^0.8.7",
        "rollup-pluginutils": "^2.8.2",
        "sourcemap-codec": "^1.4.8"
      }
    },
    "rollup-plugin-terser": {
      "version": "7.0.2",
      "dev": true,
      "requires": {
        "@babel/code-frame": "^7.10.4",
        "jest-worker": "^26.2.1",
        "serialize-javascript": "^4.0.0",
        "terser": "^5.0.0"
      }
    },
    "rollup-pluginutils": {
      "version": "2.8.2",
      "resolved": "http://npm.smm.cn/rollup-pluginutils/-/rollup-pluginutils-2.8.2.tgz",
      "integrity": "sha1-cvKvB0i1kjZNvTOJ5gDlqURKNR4=",
      "dev": true,
      "requires": {
        "estree-walker": "^0.6.1"
      },
      "dependencies": {
        "estree-walker": {
          "version": "0.6.1",
          "resolved": "http://npm.smm.cn/estree-walker/-/estree-walker-0.6.1.tgz",
          "integrity": "sha1-UwSRQ/QMbrkYsjZx0f4yGfOhs2I=",
          "dev": true
        }
      }
    },
    "sade": {
      "version": "1.7.3",
      "resolved": "http://npm.smm.cn/sade/-/sade-1.7.3.tgz",
      "integrity": "sha512-m4BctppMvJ60W1dXnHq7jMmFe3hPJZDAH85kQ3ACTo7XZNVUuTItCQ+2HfyaMeV5cKrbw7l4vD/6We3GBxvdJw==",
      "requires": {
        "mri": "^1.1.0"
      }
    },
    "safe-buffer": {
      "version": "5.2.1",
      "resolved": "http://npm.smm.cn/safe-buffer/-/safe-buffer-5.2.1.tgz",
      "integrity": "sha512-rp3So07KcdmmKbGvgaNxQSJr7bGVSVk5S9Eq1F+ppbRo70+YeaDxkw5Dd8NPN+GD6bjnYm2VuPuCXmpuYvmCXQ==",
      "dev": true
    },
    "semiver": {
      "version": "1.1.0",
      "resolved": "http://npm.smm.cn/semiver/-/semiver-1.1.0.tgz",
      "integrity": "sha512-QNI2ChmuioGC1/xjyYwyZYADILWyW6AmS1UH6gDj/SFUUUS4MBAWs/7mxnkRPc/F4iHezDP+O8t0dO8WHiEOdg=="
    },
    "serialize-javascript": {
      "version": "4.0.0",
      "resolved": "http://npm.smm.cn/serialize-javascript/-/serialize-javascript-4.0.0.tgz",
      "integrity": "sha512-GaNA54380uFefWghODBWEGisLZFj00nS5ACs6yHa9nLqlLpVLO8ChDGeKRjZnV4Nh4n0Qi7nhYZD/9fCPzEqkw==",
      "dev": true,
      "requires": {
        "randombytes": "^2.1.0"
      }
    },
    "sirv": {
      "version": "1.0.6",
      "resolved": "http://npm.smm.cn/sirv/-/sirv-1.0.6.tgz",
      "integrity": "sha512-LRGu7Op4Xl9hhigOy2kcB53zAYTjNDdpooey49dIU0cMdpOv9ithVf7nstk3jvs8EhMiT/VORoyazZYGgw4vnA==",
      "requires": {
        "@polka/url": "^1.0.0-next.9",
        "mime": "^2.3.1",
        "totalist": "^1.0.0"
      }
    },
    "sirv-cli": {
      "version": "1.0.6",
      "requires": {
        "console-clear": "^1.1.0",
        "get-port": "^3.2.0",
        "kleur": "^3.0.0",
        "local-access": "^1.0.1",
        "sade": "^1.6.0",
        "semiver": "^1.0.0",
        "sirv": "^1.0.6",
        "tinydate": "^1.0.0"
      }
    },
    "source-map": {
      "version": "0.6.1",
      "resolved": "http://npm.smm.cn/source-map/-/source-map-0.6.1.tgz",
      "integrity": "sha1-dHIq8y6WFOnCh6jQu95IteLxomM=",
      "dev": true
    },
    "source-map-support": {
      "version": "0.5.19",
      "resolved": "http://npm.smm.cn/source-map-support/-/source-map-support-0.5.19.tgz",
      "integrity": "sha512-Wonm7zOCIJzBGQdB+thsPar0kYuCIzYvxZwlBa87yi/Mdjv7Tip2cyVbLj5o0cFPN4EVkuTwb3GDDyUx2DGnGw==",
      "dev": true,
      "requires": {
        "buffer-from": "^1.0.0",
        "source-map": "^0.6.0"
      }
    },
    "sourcemap-codec": {
      "version": "1.4.8",
      "resolved": "http://npm.smm.cn/sourcemap-codec/-/sourcemap-codec-1.4.8.tgz",
      "integrity": "sha1-6oBL2UhXQC5pktBaOO8a41qatMQ=",
      "dev": true
    },
    "strip-indent": {
      "version": "3.0.0",
      "resolved": "http://npm.smm.cn/strip-indent/-/strip-indent-3.0.0.tgz",
      "integrity": "sha1-wy4c7pQLazQyx3G8LFS8znPNMAE=",
      "dev": true,
      "requires": {
        "min-indent": "^1.0.0"
      }
    },
    "style-value-types": {
      "version": "3.1.9",
      "resolved": "http://npm.smm.cn/style-value-types/-/style-value-types-3.1.9.tgz",
      "integrity": "sha512-050uqgB7WdvtgacoQKm+4EgKzJExVq0sieKBQQtJiU3Muh6MYcCp4T3M8+dfl6VOF2LR0NNwXBP1QYEed8DfIw==",
      "requires": {
        "hey-listen": "^1.0.8",
        "tslib": "^1.10.0"
      },
      "dependencies": {
        "tslib": {
          "version": "1.14.1",
          "resolved": "http://npm.smm.cn/tslib/-/tslib-1.14.1.tgz",
          "integrity": "sha512-Xni35NKzjgMrwevysHTCArtLDpPvye8zV/0E4EyYn43P7/7qvQwPh9BGkHewbMulVntbigmcT7rdX3BNo9wRJg=="
        }
      }
    },
    "supports-color": {
      "version": "7.2.0",
      "resolved": "http://npm.smm.cn/supports-color/-/supports-color-7.2.0.tgz",
      "integrity": "sha512-qpCAvRl9stuOHveKsn7HncJRvv501qIacKzQlO/+Lwxc9+0q2wLyv4Dfvt80/DPn2pqOBsJdDiogXGR9+OvwRw==",
      "dev": true,
      "requires": {
        "has-flag": "^4.0.0"
      }
    },
    "svelte": {
      "version": "3.25.1",
      "resolved": "http://npm.smm.cn/svelte/-/svelte-3.25.1.tgz",
      "integrity": "sha512-IbrVKTmuR0BvDw4ii8/gBNy8REu7nWTRy9uhUz+Yuae5lIjWgSGwKlWtJGC2Vg95s+UnXPqDu0Kk/sUwe0t2GQ==",
      "dev": true
    },
    "svelte-check": {
      "version": "1.0.44",
      "dev": true,
      "requires": {
        "chalk": "^4.0.0",
        "chokidar": "^3.4.1",
        "glob": "^7.1.6",
        "minimist": "^1.2.5",
        "svelte-language-server": "*",
        "vscode-languageserver": "6.1.1",
        "vscode-languageserver-protocol": "3.15.3",
        "vscode-languageserver-types": "3.15.1",
        "vscode-uri": "2.1.2"
      }
    },
    "svelte-language-server": {
      "version": "0.10.123",
      "resolved": "http://npm.smm.cn/svelte-language-server/-/svelte-language-server-0.10.123.tgz",
      "integrity": "sha512-iTikEumNfHa4IxIBDye9Rde+1cVc/Khfq7AxcQKGg7f3KYzboGNPf4sDLECQxPFoQQ3TkcyNdF1GvWVOPL2+DQ==",
      "dev": true,
      "requires": {
        "chokidar": "^3.4.1",
        "cosmiconfig": "^6.0.0",
        "estree-walker": "^2.0.1",
        "lodash": "^4.17.19",
        "prettier": "2.1.1",
        "prettier-plugin-svelte": "~1.2.1",
        "source-map": "^0.7.3",
        "svelte": "3.25.1",
        "svelte-preprocess": "~4.3.0",
        "svelte2tsx": "*",
        "typescript": "*",
        "vscode-css-languageservice": "4.2.0",
        "vscode-emmet-helper": "1.2.17",
        "vscode-html-languageservice": "3.0.4-next.15",
        "vscode-languageserver": "6.1.1",
        "vscode-languageserver-types": "3.15.1",
        "vscode-uri": "2.1.2"
      },
      "dependencies": {
        "estree-walker": {
          "version": "2.0.1",
          "resolved": "http://npm.smm.cn/estree-walker/-/estree-walker-2.0.1.tgz",
          "integrity": "sha1-+OAw+yHO+hg7RLetUWt0dDTno+A=",
          "dev": true
        },
        "source-map": {
          "version": "0.7.3",
          "resolved": "http://npm.smm.cn/source-map/-/source-map-0.7.3.tgz",
          "integrity": "sha1-UwL4FpAxc1ImVECS5kmB91F1A4M=",
          "dev": true
        }
      }
    },
    "svelte-preprocess": {
      "version": "4.3.0",
      "resolved": "http://npm.smm.cn/svelte-preprocess/-/svelte-preprocess-4.3.0.tgz",
      "integrity": "sha512-7FGpPrnRWMqNuQ/FnP0T52yHw1qgFYXisTM3JnQCzXkSdPMNDU2Wts0O3x1ovM+mPzWiAQ0PWHFeFhP5+fnRJQ==",
      "dev": true,
      "requires": {
        "@types/pug": "^2.0.4",
        "@types/sass": "^1.16.0",
        "detect-indent": "^6.0.0",
        "strip-indent": "^3.0.0"
      }
    },
    "svelte2tsx": {
      "version": "0.1.131",
      "resolved": "http://npm.smm.cn/svelte2tsx/-/svelte2tsx-0.1.131.tgz",
      "integrity": "sha512-9o1Ld756S6v3hj0wVTs4qU2WkZR5M6sGpUway7K/PCY0ehlGWshId3vtcwY1VhGfHBhKQssetZs5/s3srwa2cw==",
      "dev": true,
      "requires": {
        "dedent-js": "^1.0.1",
        "pascal-case": "^3.1.1"
      }
    },
    "terser": {
      "version": "5.3.2",
      "resolved": "http://npm.smm.cn/terser/-/terser-5.3.2.tgz",
      "integrity": "sha512-H67sydwBz5jCUA32ZRL319ULu+Su1cAoZnnc+lXnenGRYWyLE3Scgkt8mNoAsMx0h5kdo758zdoS0LG9rYZXDQ==",
      "dev": true,
      "requires": {
        "commander": "^2.20.0",
        "source-map": "~0.6.1",
        "source-map-support": "~0.5.12"
      }
    },
    "tinydate": {
      "version": "1.3.0",
      "resolved": "http://npm.smm.cn/tinydate/-/tinydate-1.3.0.tgz",
      "integrity": "sha512-7cR8rLy2QhYHpsBDBVYnnWXm8uRTr38RoZakFSW7Bs7PzfMPNZthuMLkwqZv7MTu8lhQ91cOFYS5a7iFj2oR3w=="
    },
    "to-regex-range": {
      "version": "5.0.1",
      "resolved": "http://npm.smm.cn/to-regex-range/-/to-regex-range-5.0.1.tgz",
      "integrity": "sha1-FkjESq58jZiKMmAY7XL1tN0DkuQ=",
      "dev": true,
      "requires": {
        "is-number": "^7.0.0"
      }
    },
    "totalist": {
      "version": "1.1.0",
      "resolved": "http://npm.smm.cn/totalist/-/totalist-1.1.0.tgz",
      "integrity": "sha512-gduQwd1rOdDMGxFG1gEvhV88Oirdo2p+KjoYFU7k2g+i7n6AFFbDQ5kMPUsW0pNbfQsB/cwXvT1i4Bue0s9g5g=="
    },
    "tslib": {
      "version": "2.0.1",
      "dev": true
    },
    "typescript": {
      "version": "3.9.7",
      "resolved": "http://npm.smm.cn/typescript/-/typescript-3.9.7.tgz",
      "integrity": "sha512-BLbiRkiBzAwsjut4x/dsibSTB6yWpwT5qWmC2OfuCg3GgVQCSgMs4vEctYPhsaGtd0AeuuHMkjZ2h2WG8MSzRw==",
      "dev": true
    },
    "vscode-css-languageservice": {
      "version": "4.2.0",
      "resolved": "http://npm.smm.cn/vscode-css-languageservice/-/vscode-css-languageservice-4.2.0.tgz",
      "integrity": "sha512-HIjl5bofrrxMMF05K/nq83270EdvteuAIio44FWd6tDdfhgg4vbofiAuXRSpXFi335f5+ekKdrzvPZm9ahqzsg==",
      "dev": true,
      "requires": {
        "vscode-languageserver-textdocument": "^1.0.1",
        "vscode-languageserver-types": "^3.15.1",
        "vscode-nls": "^4.1.2",
        "vscode-uri": "^2.1.1"
      }
    },
    "vscode-emmet-helper": {
      "version": "1.2.17",
      "resolved": "http://npm.smm.cn/vscode-emmet-helper/-/vscode-emmet-helper-1.2.17.tgz",
      "integrity": "sha512-X4pzcrJ8dE7M3ArFuySF5fgipKDd/EauXkiJwtjBIVRWpVNq0tF9+lNCyuC7iDUwP3Oq7ow/TGssD3GdG96Jow==",
      "dev": true,
      "requires": {
        "@emmetio/extract-abbreviation": "0.1.6",
        "jsonc-parser": "^1.0.0",
        "vscode-languageserver-types": "^3.6.0-next.1"
      }
    },
    "vscode-html-languageservice": {
      "version": "3.0.4-next.15",
      "resolved": "http://npm.smm.cn/vscode-html-languageservice/-/vscode-html-languageservice-3.0.4-next.15.tgz",
      "integrity": "sha512-UmUm3A1ZTj+BloVIyel+5pK/nfsqRfPLXzl8BA9O7v5Cj64vivddABvNf/rW1US8fzdikFNZNloC/4ooqxB2kw==",
      "dev": true,
      "requires": {
        "vscode-languageserver-textdocument": "^1.0.1-next.1",
        "vscode-languageserver-types": "^3.15.1",
        "vscode-nls": "^4.1.1",
        "vscode-uri": "^2.1.1"
      }
    },
    "vscode-jsonrpc": {
      "version": "5.0.1",
      "resolved": "http://npm.smm.cn/vscode-jsonrpc/-/vscode-jsonrpc-5.0.1.tgz",
      "integrity": "sha1-m6ucMw2J9D/IwehwK1w24FigF5Q=",
      "dev": true
    },
    "vscode-languageserver": {
      "version": "6.1.1",
      "resolved": "http://npm.smm.cn/vscode-languageserver/-/vscode-languageserver-6.1.1.tgz",
      "integrity": "sha512-DueEpkUAkD5XTR4MLYNr6bQIp/UFR0/IPApgXU3YfCBCB08u2sm9hRCs6DxYZELkk++STPjpcjksR2H8qI3cDQ==",
      "dev": true,
      "requires": {
        "vscode-languageserver-protocol": "^3.15.3"
      }
    },
    "vscode-languageserver-protocol": {
      "version": "3.15.3",
      "resolved": "http://npm.smm.cn/vscode-languageserver-protocol/-/vscode-languageserver-protocol-3.15.3.tgz",
      "integrity": "sha1-P6mgcC10LPeIPLYYKmIS/NCh2Ls=",
      "dev": true,
      "requires": {
        "vscode-jsonrpc": "^5.0.1",
        "vscode-languageserver-types": "3.15.1"
      }
    },
    "vscode-languageserver-textdocument": {
      "version": "1.0.1",
      "resolved": "http://npm.smm.cn/vscode-languageserver-textdocument/-/vscode-languageserver-textdocument-1.0.1.tgz",
      "integrity": "sha512-UIcJDjX7IFkck7cSkNNyzIz5FyvpQfY7sdzVy+wkKN/BLaD4DQ0ppXQrKePomCxTS7RrolK1I0pey0bG9eh8dA==",
      "dev": true
    },
    "vscode-languageserver-types": {
      "version": "3.15.1",
      "resolved": "http://npm.smm.cn/vscode-languageserver-types/-/vscode-languageserver-types-3.15.1.tgz",
      "integrity": "sha1-F75x140vYjbUFPAAHOHvTSPmtt4=",
      "dev": true
    },
    "vscode-nls": {
      "version": "4.1.2",
      "resolved": "http://npm.smm.cn/vscode-nls/-/vscode-nls-4.1.2.tgz",
      "integrity": "sha512-7bOHxPsfyuCqmP+hZXscLhiHwe7CSuFE4hyhbs22xPIhQ4jv99FcR4eBzfYYVLP356HNFpdvz63FFb/xw6T4Iw==",
      "dev": true
    },
    "vscode-uri": {
      "version": "2.1.2",
      "resolved": "http://npm.smm.cn/vscode-uri/-/vscode-uri-2.1.2.tgz",
      "integrity": "sha512-8TEXQxlldWAuIODdukIb+TR5s+9Ds40eSJrw+1iDDA9IFORPjMELarNQE3myz5XIkWWpdprmJjm1/SxMlWOC8A==",
      "dev": true
    },
    "wrappy": {
      "version": "1.0.2",
      "resolved": "http://npm.smm.cn/wrappy/-/wrappy-1.0.2.tgz",
      "integrity": "sha1-tSQ9jz7BqjXxNkYFvA0QNuMKtp8=",
      "dev": true
    },
    "ws": {
      "version": "6.2.1",
      "resolved": "http://npm.smm.cn/ws/-/ws-6.2.1.tgz",
      "integrity": "sha1-RC/fCkftZPWbal2P8TD0dI7VJPs=",
      "dev": true,
      "requires": {
        "async-limiter": "~1.0.0"
      }
    },
    "yaml": {
      "version": "1.10.0",
      "resolved": "http://npm.smm.cn/yaml/-/yaml-1.10.0.tgz",
      "integrity": "sha512-yr2icI4glYaNG+KWONODapy2/jDdMSDnrONSjblABjD9B4Z5LgiircSt8m8sRZFNi08kG9Sm0uSHtEmP3zaEGg==",
      "dev": true
    }
  }
}
